// !$*UTF8*$!
{
	archiveVersion = 1;
	classes = {
	};
	objectVersion = 77;
	objects = {

/* Begin PBXBuildFile section */
		893288F82F1B6D6900D216C9 /* EmotionRepositoryProtocol.swift in Sources */ = {isa = PBXBuildFile; fileRef = 893288F72F1B6D6900D216C9 /* EmotionRepositoryProtocol.swift */; };
		893288FA2F1B6DB600D216C9 /* EmotionRepository.swift in Sources */ = {isa = PBXBuildFile; fileRef = 893288F92F1B6DB600D216C9 /* EmotionRepository.swift */; };
		893288FC2F1B6EFB00D216C9 /* HomeViewModel.swift in Sources */ = {isa = PBXBuildFile; fileRef = 893288FB2F1B6EFB00D216C9 /* HomeViewModel.swift */; };
		893288FE2F1B721D00D216C9 /* HomeView.swift in Sources */ = {isa = PBXBuildFile; fileRef = 893288FD2F1B721D00D216C9 /* HomeView.swift */; };
		893952DF2F49D6700046973B /* LoginViewController.swift in Sources */ = {isa = PBXBuildFile; fileRef = 893952DE2F49D6700046973B /* LoginViewController.swift */; };
		894DFFBF2F2CA2E000E85CCF /* NotificationManager.swift in Sources */ = {isa = PBXBuildFile; fileRef = 894DFFBE2F2CA2E000E85CCF /* NotificationManager.swift */; };
		897D22632F1B84EB00EFF62E /* AddEmotionView.swift in Sources */ = {isa = PBXBuildFile; fileRef = 897D22622F1B84EB00EFF62E /* AddEmotionView.swift */; };
		897D22652F1B850100EFF62E /* AddEmotionViewModel.swift in Sources */ = {isa = PBXBuildFile; fileRef = 897D22642F1B850100EFF62E /* AddEmotionViewModel.swift */; };
		897E47AB2F1A0E4300873F31 /* Assets.xcassets in Resources */ = {isa = PBXBuildFile; fileRef = 897E47A22F1A0E4300873F31 /* Assets.xcassets */; };
		897E47AD2F1A0E4300873F31 /* LaunchScreen.storyboard in Resources */ = {isa = PBXBuildFile; fileRef = 897E47A52F1A0E4300873F31 /* LaunchScreen.storyboard */; };
		897E47AE2F1A0E4300873F31 /* Main.storyboard in Resources */ = {isa = PBXBuildFile; fileRef = 897E47A72F1A0E4300873F31 /* Main.storyboard */; };
		897E47B62F1A0EC300873F31 /* AppDelegate.swift in Sources */ = {isa = PBXBuildFile; fileRef = 897E47B32F1A0EC300873F31 /* AppDelegate.swift */; };
		897E47B72F1A0EC300873F31 /* SceneDelegate.swift in Sources */ = {isa = PBXBuildFile; fileRef = 897E47B42F1A0EC300873F31 /* SceneDelegate.swift */; };
		897E47C12F1A10B600873F31 /* HomeViewController.swift in Sources */ = {isa = PBXBuildFile; fileRef = 897E47C02F1A10B600873F31 /* HomeViewController.swift */; };
		897E47C62F1A157C00873F31 /* AddEmotionViewController.swift in Sources */ = {isa = PBXBuildFile; fileRef = 897E47C52F1A157C00873F31 /* AddEmotionViewController.swift */; };
		897E47C82F1A166A00873F31 /* Emotion.swift in Sources */ = {isa = PBXBuildFile; fileRef = 897E47C72F1A166A00873F31 /* Emotion.swift */; };
		897E47CA2F1A180C00873F31 /* HomeEmotionCell.swift in Sources */ = {isa = PBXBuildFile; fileRef = 897E47C92F1A180C00873F31 /* HomeEmotionCell.swift */; };
		897E47CD2F1A1B9100873F31 /* DateFormatter+.swift in Sources */ = {isa = PBXBuildFile; fileRef = 897E47CC2F1A1B9100873F31 /* DateFormatter+.swift */; };
		89A60B142F28C73800168ED7 /* HomeEmptyView.swift in Sources */ = {isa = PBXBuildFile; fileRef = 89A60B132F28C73800168ED7 /* HomeEmptyView.swift */; };
		89A60B172F28D6DD00168ED7 /* HomeHeaderView.swift in Sources */ = {isa = PBXBuildFile; fileRef = 89A60B162F28D6DD00168ED7 /* HomeHeaderView.swift */; };
		89A60B192F2B39FA00168ED7 /* SettingView.swift in Sources */ = {isa = PBXBuildFile; fileRef = 89A60B182F2B39FA00168ED7 /* SettingView.swift */; };
		89A60B1B2F2B3B8100168ED7 /* SettingViewModel.swift in Sources */ = {isa = PBXBuildFile; fileRef = 89A60B1A2F2B3B8100168ED7 /* SettingViewModel.swift */; };
		89A73F592F34ADE20009EE7A /* CryptoUtils.swift in Sources */ = {isa = PBXBuildFile; fileRef = 89A73F582F34ADE20009EE7A /* CryptoUtils.swift */; };
		89A73F5B2F34AEDF0009EE7A /* AuthService.swift in Sources */ = {isa = PBXBuildFile; fileRef = 89A73F5A2F34AEDF0009EE7A /* AuthService.swift */; };
		89A73F5D2F35ECA60009EE7A /* UIView+.swift in Sources */ = {isa = PBXBuildFile; fileRef = 89A73F5C2F35ECA60009EE7A /* UIView+.swift */; };
		89BDC4F72F1DDBEF00D14806 /* EmotionTransforming.swift in Sources */ = {isa = PBXBuildFile; fileRef = 89BDC4F62F1DDBEF00D14806 /* EmotionTransforming.swift */; };
		89BDC4FB2F1DFCBE00D14806 /* OpenModel.swift in Sources */ = {isa = PBXBuildFile; fileRef = 89BDC4FA2F1DFCBE00D14806 /* OpenModel.swift */; };
		89BDC4FD2F1DFDA400D14806 /* GptEmotionTransformer.swift in Sources */ = {isa = PBXBuildFile; fileRef = 89BDC4FC2F1DFDA400D14806 /* GptEmotionTransformer.swift */; };
		89BDC5002F1DFDCD00D14806 /* Alamofire in Frameworks */ = {isa = PBXBuildFile; productRef = 89BDC4FF2F1DFDCD00D14806 /* Alamofire */; };
		89EAFDBA2F1F8C79007BEC32 /* Secrets.swift in Sources */ = {isa = PBXBuildFile; fileRef = 89EAFDB92F1F8C79007BEC32 /* Secrets.swift */; };
		89EAFDBE2F20DAA0007BEC32 /* GoogleService-Info.plist in Resources */ = {isa = PBXBuildFile; fileRef = 89EAFDBD2F20DAA0007BEC32 /* GoogleService-Info.plist */; };
		89EAFDC12F20DB8A007BEC32 /* FirebaseAnalytics in Frameworks */ = {isa = PBXBuildFile; productRef = 89EAFDC02F20DB8A007BEC32 /* FirebaseAnalytics */; };
		89EAFDC32F20DB8A007BEC32 /* FirebaseAuth in Frameworks */ = {isa = PBXBuildFile; productRef = 89EAFDC22F20DB8A007BEC32 /* FirebaseAuth */; };
		89EAFDC52F20DB8A007BEC32 /* FirebaseFirestore in Frameworks */ = {isa = PBXBuildFile; productRef = 89EAFDC42F20DB8A007BEC32 /* FirebaseFirestore */; };
		89EAFDC82F20DBB5007BEC32 /* GoogleSignIn in Frameworks */ = {isa = PBXBuildFile; productRef = 89EAFDC72F20DBB5007BEC32 /* GoogleSignIn */; };
		89EAFDCA2F20DBB5007BEC32 /* GoogleSignInSwift in Frameworks */ = {isa = PBXBuildFile; productRef = 89EAFDC92F20DBB5007BEC32 /* GoogleSignInSwift */; };
		89EAFDCD2F20DD4A007BEC32 /* LoginLoadingViewController.swift in Sources */ = {isa = PBXBuildFile; fileRef = 89EAFDCC2F20DD4A007BEC32 /* LoginLoadingViewController.swift */; };
		89EAFE1B2F262963007BEC32 /* SettingViewController.swift in Sources */ = {isa = PBXBuildFile; fileRef = 89EAFE1A2F262963007BEC32 /* SettingViewController.swift */; };
		89EAFE1E2F262B6F007BEC32 /* MainTabBarController.swift in Sources */ = {isa = PBXBuildFile; fileRef = 89EAFE1D2F262B6F007BEC32 /* MainTabBarController.swift */; };
		89EAFE212F274346007BEC32 /* DetailViewModel.swift in Sources */ = {isa = PBXBuildFile; fileRef = 89EAFE202F274346007BEC32 /* DetailViewModel.swift */; };
		89EAFE232F274465007BEC32 /* DetailView.swift in Sources */ = {isa = PBXBuildFile; fileRef = 89EAFE222F274465007BEC32 /* DetailView.swift */; };
		89EAFE252F274FD4007BEC32 /* DetailViewController.swift in Sources */ = {isa = PBXBuildFile; fileRef = 89EAFE242F274FD4007BEC32 /* DetailViewController.swift */; };
/* End PBXBuildFile section */

/* Begin PBXFileReference section */
		893288F72F1B6D6900D216C9 /* EmotionRepositoryProtocol.swift */ = {isa = PBXFileReference; lastKnownFileType = sourcecode.swift; path = EmotionRepositoryProtocol.swift; sourceTree = "<group>"; };
		893288F92F1B6DB600D216C9 /* EmotionRepository.swift */ = {isa = PBXFileReference; lastKnownFileType = sourcecode.swift; path = EmotionRepository.swift; sourceTree = "<group>"; };
		893288FB2F1B6EFB00D216C9 /* HomeViewModel.swift */ = {isa = PBXFileReference; lastKnownFileType = sourcecode.swift; path = HomeViewModel.swift; sourceTree = "<group>"; };
		893288FD2F1B721D00D216C9 /* HomeView.swift */ = {isa = PBXFileReference; lastKnownFileType = sourcecode.swift; path = HomeView.swift; sourceTree = "<group>"; };
		893952DE2F49D6700046973B /* LoginViewController.swift */ = {isa = PBXFileReference; lastKnownFileType = sourcecode.swift; path = LoginViewController.swift; sourceTree = "<group>"; };
		894DFFBE2F2CA2E000E85CCF /* NotificationManager.swift */ = {isa = PBXFileReference; lastKnownFileType = sourcecode.swift; path = NotificationManager.swift; sourceTree = "<group>"; };
		897D22622F1B84EB00EFF62E /* AddEmotionView.swift */ = {isa = PBXFileReference; lastKnownFileType = sourcecode.swift; path = AddEmotionView.swift; sourceTree = "<group>"; };
		897D22642F1B850100EFF62E /* AddEmotionViewModel.swift */ = {isa = PBXFileReference; lastKnownFileType = sourcecode.swift; path = AddEmotionViewModel.swift; sourceTree = "<group>"; };
		897E47892F19F93100873F31 /* ReFeel.app */ = {isa = PBXFileReference; explicitFileType = wrapper.application; includeInIndex = 0; path = ReFeel.app; sourceTree = BUILT_PRODUCTS_DIR; };
		897E47A22F1A0E4300873F31 /* Assets.xcassets */ = {isa = PBXFileReference; lastKnownFileType = folder.assetcatalog; path = Assets.xcassets; sourceTree = "<group>"; };
		897E47A32F1A0E4300873F31 /* Info.plist */ = {isa = PBXFileReference; lastKnownFileType = text.plist.xml; path = Info.plist; sourceTree = "<group>"; };
		897E47A42F1A0E4300873F31 /* Base */ = {isa = PBXFileReference; lastKnownFileType = file.storyboard; name = Base; path = Base.lproj/LaunchScreen.storyboard; sourceTree = "<group>"; };
		897E47A62F1A0E4300873F31 /* Base */ = {isa = PBXFileReference; lastKnownFileType = file.storyboard; name = Base; path = Base.lproj/Main.storyboard; sourceTree = "<group>"; };
		897E47B32F1A0EC300873F31 /* AppDelegate.swift */ = {isa = PBXFileReference; lastKnownFileType = sourcecode.swift; path = AppDelegate.swift; sourceTree = "<group>"; };
		897E47B42F1A0EC300873F31 /* SceneDelegate.swift */ = {isa = PBXFileReference; lastKnownFileType = sourcecode.swift; path = SceneDelegate.swift; sourceTree = "<group>"; };
		897E47C02F1A10B600873F31 /* HomeViewController.swift */ = {isa = PBXFileReference; lastKnownFileType = sourcecode.swift; path = HomeViewController.swift; sourceTree = "<group>"; };
		897E47C52F1A157C00873F31 /* AddEmotionViewController.swift */ = {isa = PBXFileReference; lastKnownFileType = sourcecode.swift; path = AddEmotionViewController.swift; sourceTree = "<group>"; };
		897E47C72F1A166A00873F31 /* Emotion.swift */ = {isa = PBXFileReference; lastKnownFileType = sourcecode.swift; path = Emotion.swift; sourceTree = "<group>"; };
		897E47C92F1A180C00873F31 /* HomeEmotionCell.swift */ = {isa = PBXFileReference; lastKnownFileType = sourcecode.swift; path = HomeEmotionCell.swift; sourceTree = "<group>"; };
		897E47CC2F1A1B9100873F31 /* DateFormatter+.swift */ = {isa = PBXFileReference; lastKnownFileType = sourcecode.swift; path = "DateFormatter+.swift"; sourceTree = "<group>"; };
		89A60B132F28C73800168ED7 /* HomeEmptyView.swift */ = {isa = PBXFileReference; lastKnownFileType = sourcecode.swift; path = HomeEmptyView.swift; sourceTree = "<group>"; };
		89A60B162F28D6DD00168ED7 /* HomeHeaderView.swift */ = {isa = PBXFileReference; lastKnownFileType = sourcecode.swift; path = HomeHeaderView.swift; sourceTree = "<group>"; };
		89A60B182F2B39FA00168ED7 /* SettingView.swift */ = {isa = PBXFileReference; lastKnownFileType = sourcecode.swift; path = SettingView.swift; sourceTree = "<group>"; };
		89A60B1A2F2B3B8100168ED7 /* SettingViewModel.swift */ = {isa = PBXFileReference; lastKnownFileType = sourcecode.swift; path = SettingViewModel.swift; sourceTree = "<group>"; };
		89A73F572F34AD880009EE7A /* ReFeel.entitlements */ = {isa = PBXFileReference; lastKnownFileType = text.plist.entitlements; path = ReFeel.entitlements; sourceTree = "<group>"; };
		89A73F582F34ADE20009EE7A /* CryptoUtils.swift */ = {isa = PBXFileReference; lastKnownFileType = sourcecode.swift; path = CryptoUtils.swift; sourceTree = "<group>"; };
		89A73F5A2F34AEDF0009EE7A /* AuthService.swift */ = {isa = PBXFileReference; lastKnownFileType = sourcecode.swift; path = AuthService.swift; sourceTree = "<group>"; };
		89A73F5C2F35ECA60009EE7A /* UIView+.swift */ = {isa = PBXFileReference; lastKnownFileType = sourcecode.swift; path = "UIView+.swift"; sourceTree = "<group>"; };
		89BDC4F62F1DDBEF00D14806 /* EmotionTransforming.swift */ = {isa = PBXFileReference; lastKnownFileType = sourcecode.swift; path = EmotionTransforming.swift; sourceTree = "<group>"; };
		89BDC4FA2F1DFCBE00D14806 /* OpenModel.swift */ = {isa = PBXFileReference; lastKnownFileType = sourcecode.swift; path = OpenModel.swift; sourceTree = "<group>"; };
		89BDC4FC2F1DFDA400D14806 /* GptEmotionTransformer.swift */ = {isa = PBXFileReference; lastKnownFileType = sourcecode.swift; path = GptEmotionTransformer.swift; sourceTree = "<group>"; };
		89EAFDB92F1F8C79007BEC32 /* Secrets.swift */ = {isa = PBXFileReference; lastKnownFileType = sourcecode.swift; path = Secrets.swift; sourceTree = "<group>"; };
		89EAFDBD2F20DAA0007BEC32 /* GoogleService-Info.plist */ = {isa = PBXFileReference; lastKnownFileType = text.plist.xml; path = "GoogleService-Info.plist"; sourceTree = "<group>"; };
		89EAFDCC2F20DD4A007BEC32 /* LoginLoadingViewController.swift */ = {isa = PBXFileReference; lastKnownFileType = sourcecode.swift; path = LoginLoadingViewController.swift; sourceTree = "<group>"; };
		89EAFE1A2F262963007BEC32 /* SettingViewController.swift */ = {isa = PBXFileReference; lastKnownFileType = sourcecode.swift; path = SettingViewController.swift; sourceTree = "<group>"; };
		89EAFE1D2F262B6F007BEC32 /* MainTabBarController.swift */ = {isa = PBXFileReference; lastKnownFileType = sourcecode.swift; path = MainTabBarController.swift; sourceTree = "<group>"; };
		89EAFE202F274346007BEC32 /* DetailViewModel.swift */ = {isa = PBXFileReference; lastKnownFileType = sourcecode.swift; path = DetailViewModel.swift; sourceTree = "<group>"; };
		89EAFE222F274465007BEC32 /* DetailView.swift */ = {isa = PBXFileReference; lastKnownFileType = sourcecode.swift; path = DetailView.swift; sourceTree = "<group>"; };
		89EAFE242F274FD4007BEC32 /* DetailViewController.swift */ = {isa = PBXFileReference; lastKnownFileType = sourcecode.swift; path = DetailViewController.swift; sourceTree = "<group>"; };
/* End PBXFileReference section */

/* Begin PBXFrameworksBuildPhase section */
		897E47862F19F93100873F31 /* Frameworks */ = {
			isa = PBXFrameworksBuildPhase;
			buildActionMask = 2147483647;
			files = (
				89EAFDC82F20DBB5007BEC32 /* GoogleSignIn in Frameworks */,
				89EAFDC12F20DB8A007BEC32 /* FirebaseAnalytics in Frameworks */,
				89EAFDC52F20DB8A007BEC32 /* FirebaseFirestore in Frameworks */,
				89EAFDCA2F20DBB5007BEC32 /* GoogleSignInSwift in Frameworks */,
				89EAFDC32F20DB8A007BEC32 /* FirebaseAuth in Frameworks */,
				89BDC5002F1DFDCD00D14806 /* Alamofire in Frameworks */,
			);
			runOnlyForDeploymentPostprocessing = 0;
		};
/* End PBXFrameworksBuildPhase section */

/* Begin PBXGroup section */
		893288F62F1B6D2D00D216C9 /* Emotion */ = {
			isa = PBXGroup;
			children = (
				89BDC4FC2F1DFDA400D14806 /* GptEmotionTransformer.swift */,
				893288F92F1B6DB600D216C9 /* EmotionRepository.swift */,
			);
			path = Emotion;
			sourceTree = "<group>";
		};
		894DFFBD2F2CA21600E85CCF /* Service */ = {
			isa = PBXGroup;
			children = (
				894DFFBE2F2CA2E000E85CCF /* NotificationManager.swift */,
				89A73F5A2F34AEDF0009EE7A /* AuthService.swift */,
			);
			path = Service;
			sourceTree = "<group>";
		};
		897E47802F19F93100873F31 = {
			isa = PBXGroup;
			children = (
				897E47AA2F1A0E4300873F31 /* ReFeel */,
				897E478A2F19F93100873F31 /* Products */,
			);
			sourceTree = "<group>";
		};
		897E478A2F19F93100873F31 /* Products */ = {
			isa = PBXGroup;
			children = (
				897E47892F19F93100873F31 /* ReFeel.app */,
			);
			name = Products;
			sourceTree = "<group>";
		};
		897E47AA2F1A0E4300873F31 /* ReFeel */ = {
			isa = PBXGroup;
			children = (
				89A73F572F34AD880009EE7A /* ReFeel.entitlements */,
				89EAFDBD2F20DAA0007BEC32 /* GoogleService-Info.plist */,
				89EAFDB92F1F8C79007BEC32 /* Secrets.swift */,
				897E47A32F1A0E4300873F31 /* Info.plist */,
				897E47B52F1A0EC300873F31 /* App */,
				897E47B92F1A0F0300873F31 /* Presentation */,
				897E47BB2F1A0F1100873F31 /* Domain */,
				897E47BC2F1A0F1800873F31 /* Data */,
				894DFFBD2F2CA21600E85CCF /* Service */,
				897E47B82F1A0EDF00873F31 /* Resource */,
			);
			path = ReFeel;
			sourceTree = "<group>";
		};
		897E47B52F1A0EC300873F31 /* App */ = {
			isa = PBXGroup;
			children = (
				897E47B32F1A0EC300873F31 /* AppDelegate.swift */,
				897E47B42F1A0EC300873F31 /* SceneDelegate.swift */,
			);
			path = App;
			sourceTree = "<group>";
		};
		897E47B82F1A0EDF00873F31 /* Resource */ = {
			isa = PBXGroup;
			children = (
				897E47CB2F1A1B7E00873F31 /* Extension */,
				897E47A22F1A0E4300873F31 /* Assets.xcassets */,
				897E47A52F1A0E4300873F31 /* LaunchScreen.storyboard */,
				897E47A72F1A0E4300873F31 /* Main.storyboard */,
			);
			path = Resource;
			sourceTree = "<group>";
		};
		897E47B92F1A0F0300873F31 /* Presentation */ = {
			isa = PBXGroup;
			children = (
				89EAFE1C2F262B33007BEC32 /* TabBar */,
				89EAFDCB2F20DD2D007BEC32 /* Login */,
				897E47BF2F1A101500873F31 /* Home */,
				89EAFE1F2F274330007BEC32 /* Detail */,
				897E47C42F1A155A00873F31 /* AddEmotion */,
				89EAFE192F2628BB007BEC32 /* Setting */,
			);
			path = Presentation;
			sourceTree = "<group>";
		};
		897E47BB2F1A0F1100873F31 /* Domain */ = {
			isa = PBXGroup;
			children = (
				897E47C22F1A142100873F31 /* Model */,
				897E47C32F1A142700873F31 /* Protocol */,
			);
			path = Domain;
			sourceTree = "<group>";
		};
		897E47BC2F1A0F1800873F31 /* Data */ = {
			isa = PBXGroup;
			children = (
				893288F62F1B6D2D00D216C9 /* Emotion */,
				897E47BD2F1A0F1D00873F31 /* Network */,
			);
			path = Data;
			sourceTree = "<group>";
		};
		897E47BD2F1A0F1D00873F31 /* Network */ = {
			isa = PBXGroup;
			children = (
			);
			path = Network;
			sourceTree = "<group>";
		};
		897E47BF2F1A101500873F31 /* Home */ = {
			isa = PBXGroup;
			children = (
				893288FB2F1B6EFB00D216C9 /* HomeViewModel.swift */,
				893288FD2F1B721D00D216C9 /* HomeView.swift */,
				897E47C02F1A10B600873F31 /* HomeViewController.swift */,
				89A60B152F28D6BA00168ED7 /* Views */,
			);
			path = Home;
			sourceTree = "<group>";
		};
		897E47C22F1A142100873F31 /* Model */ = {
			isa = PBXGroup;
			children = (
				897E47C72F1A166A00873F31 /* Emotion.swift */,
				89BDC4FA2F1DFCBE00D14806 /* OpenModel.swift */,
			);
			path = Model;
			sourceTree = "<group>";
		};
		897E47C32F1A142700873F31 /* Protocol */ = {
			isa = PBXGroup;
			children = (
				89BDC4F62F1DDBEF00D14806 /* EmotionTransforming.swift */,
				893288F72F1B6D6900D216C9 /* EmotionRepositoryProtocol.swift */,
			);
			path = Protocol;
			sourceTree = "<group>";
		};
		897E47C42F1A155A00873F31 /* AddEmotion */ = {
			isa = PBXGroup;
			children = (
				897D22642F1B850100EFF62E /* AddEmotionViewModel.swift */,
				897D22622F1B84EB00EFF62E /* AddEmotionView.swift */,
				897E47C52F1A157C00873F31 /* AddEmotionViewController.swift */,
			);
			path = AddEmotion;
			sourceTree = "<group>";
		};
		897E47CB2F1A1B7E00873F31 /* Extension */ = {
			isa = PBXGroup;
			children = (
				897E47CC2F1A1B9100873F31 /* DateFormatter+.swift */,
				89A73F582F34ADE20009EE7A /* CryptoUtils.swift */,
				89A73F5C2F35ECA60009EE7A /* UIView+.swift */,
			);
			path = Extension;
			sourceTree = "<group>";
		};
		89A60B152F28D6BA00168ED7 /* Views */ = {
			isa = PBXGroup;
			children = (
				89A60B132F28C73800168ED7 /* HomeEmptyView.swift */,
				897E47C92F1A180C00873F31 /* HomeEmotionCell.swift */,
				89A60B162F28D6DD00168ED7 /* HomeHeaderView.swift */,
			);
			path = Views;
			sourceTree = "<group>";
		};
		89EAFDCB2F20DD2D007BEC32 /* Login */ = {
			isa = PBXGroup;
			children = (
				89EAFDCC2F20DD4A007BEC32 /* LoginLoadingViewController.swift */,
				893952DE2F49D6700046973B /* LoginViewController.swift */,
			);
			path = Login;
			sourceTree = "<group>";
		};
		89EAFE192F2628BB007BEC32 /* Setting */ = {
			isa = PBXGroup;
			children = (
				89A60B1A2F2B3B8100168ED7 /* SettingViewModel.swift */,
				89A60B182F2B39FA00168ED7 /* SettingView.swift */,
				89EAFE1A2F262963007BEC32 /* SettingViewController.swift */,
			);
			path = Setting;
			sourceTree = "<group>";
		};
		89EAFE1C2F262B33007BEC32 /* TabBar */ = {
			isa = PBXGroup;
			children = (
				89EAFE1D2F262B6F007BEC32 /* MainTabBarController.swift */,
			);
			path = TabBar;
			sourceTree = "<group>";
		};
		89EAFE1F2F274330007BEC32 /* Detail */ = {
			isa = PBXGroup;
			children = (
				89EAFE202F274346007BEC32 /* DetailViewModel.swift */,
				89EAFE222F274465007BEC32 /* DetailView.swift */,
				89EAFE242F274FD4007BEC32 /* DetailViewController.swift */,
			);
			path = Detail;
			sourceTree = "<group>";
		};
/* End PBXGroup section */

/* Begin PBXNativeTarget section */
		897E47882F19F93100873F31 /* ReFeel */ = {
			isa = PBXNativeTarget;
			buildConfigurationList = 897E479C2F19F93300873F31 /* Build configuration list for PBXNativeTarget "ReFeel" */;
			buildPhases = (
				897E47852F19F93100873F31 /* Sources */,
				897E47862F19F93100873F31 /* Frameworks */,
				897E47872F19F93100873F31 /* Resources */,
			);
			buildRules = (
			);
			dependencies = (
			);
			name = ReFeel;
			packageProductDependencies = (
				89BDC4FF2F1DFDCD00D14806 /* Alamofire */,
				89EAFDC02F20DB8A007BEC32 /* FirebaseAnalytics */,
				89EAFDC22F20DB8A007BEC32 /* FirebaseAuth */,
				89EAFDC42F20DB8A007BEC32 /* FirebaseFirestore */,
				89EAFDC72F20DBB5007BEC32 /* GoogleSignIn */,
				89EAFDC92F20DBB5007BEC32 /* GoogleSignInSwift */,
			);
			productName = ReFeel;
			productReference = 897E47892F19F93100873F31 /* ReFeel.app */;
			productType = "com.apple.product-type.application";
		};
/* End PBXNativeTarget section */

/* Begin PBXProject section */
		897E47812F19F93100873F31 /* Project object */ = {
			isa = PBXProject;
			attributes = {
				BuildIndependentTargetsInParallel = 1;
				LastSwiftUpdateCheck = 1640;
				LastUpgradeCheck = 2620;
				TargetAttributes = {
					897E47882F19F93100873F31 = {
						CreatedOnToolsVersion = 16.4;
					};
				};
			};
			buildConfigurationList = 897E47842F19F93100873F31 /* Build configuration list for PBXProject "ReFeel" */;
			developmentRegion = en;
			hasScannedForEncodings = 0;
			knownRegions = (
				en,
				Base,
			);
			mainGroup = 897E47802F19F93100873F31;
			minimizedProjectReferenceProxies = 1;
			packageReferences = (
				89BDC4FE2F1DFDCD00D14806 /* XCRemoteSwiftPackageReference "Alamofire" */,
				89EAFDBF2F20DB8A007BEC32 /* XCRemoteSwiftPackageReference "firebase-ios-sdk" */,
				89EAFDC62F20DBB5007BEC32 /* XCRemoteSwiftPackageReference "GoogleSignIn-iOS" */,
			);
			preferredProjectObjectVersion = 77;
			productRefGroup = 897E478A2F19F93100873F31 /* Products */;
			projectDirPath = "";
			projectRoot = "";
			targets = (
				897E47882F19F93100873F31 /* ReFeel */,
			);
		};
/* End PBXProject section */

/* Begin PBXResourcesBuildPhase section */
		897E47872F19F93100873F31 /* Resources */ = {
			isa = PBXResourcesBuildPhase;
			buildActionMask = 2147483647;
			files = (
				897E47AB2F1A0E4300873F31 /* Assets.xcassets in Resources */,
				89EAFDBE2F20DAA0007BEC32 /* GoogleService-Info.plist in Resources */,
				897E47AD2F1A0E4300873F31 /* LaunchScreen.storyboard in Resources */,
				897E47AE2F1A0E4300873F31 /* Main.storyboard in Resources */,
			);
			runOnlyForDeploymentPostprocessing = 0;
		};
/* End PBXResourcesBuildPhase section */

/* Begin PBXSourcesBuildPhase section */
		897E47852F19F93100873F31 /* Sources */ = {
			isa = PBXSourcesBuildPhase;
			buildActionMask = 2147483647;
			files = (
				89EAFDCD2F20DD4A007BEC32 /* LoginLoadingViewController.swift in Sources */,
				89A60B142F28C73800168ED7 /* HomeEmptyView.swift in Sources */,
				893288FA2F1B6DB600D216C9 /* EmotionRepository.swift in Sources */,
				89EAFE252F274FD4007BEC32 /* DetailViewController.swift in Sources */,
				89EAFE1E2F262B6F007BEC32 /* MainTabBarController.swift in Sources */,
				89EAFDBA2F1F8C79007BEC32 /* Secrets.swift in Sources */,
				89BDC4F72F1DDBEF00D14806 /* EmotionTransforming.swift in Sources */,
				89EAFE232F274465007BEC32 /* DetailView.swift in Sources */,
				897E47C62F1A157C00873F31 /* AddEmotionViewController.swift in Sources */,
				897D22632F1B84EB00EFF62E /* AddEmotionView.swift in Sources */,
				897D22652F1B850100EFF62E /* AddEmotionViewModel.swift in Sources */,
				897E47C82F1A166A00873F31 /* Emotion.swift in Sources */,
				893952DF2F49D6700046973B /* LoginViewController.swift in Sources */,
				89A73F592F34ADE20009EE7A /* CryptoUtils.swift in Sources */,
				893288FC2F1B6EFB00D216C9 /* HomeViewModel.swift in Sources */,
				897E47B62F1A0EC300873F31 /* AppDelegate.swift in Sources */,
				893288FE2F1B721D00D216C9 /* HomeView.swift in Sources */,
				89A73F5D2F35ECA60009EE7A /* UIView+.swift in Sources */,
				897E47CD2F1A1B9100873F31 /* DateFormatter+.swift in Sources */,
				89A60B1B2F2B3B8100168ED7 /* SettingViewModel.swift in Sources */,
				89A60B172F28D6DD00168ED7 /* HomeHeaderView.swift in Sources */,
				894DFFBF2F2CA2E000E85CCF /* NotificationManager.swift in Sources */,
				897E47B72F1A0EC300873F31 /* SceneDelegate.swift in Sources */,
				897E47C12F1A10B600873F31 /* HomeViewController.swift in Sources */,
				89BDC4FB2F1DFCBE00D14806 /* OpenModel.swift in Sources */,
				89EAFE212F274346007BEC32 /* DetailViewModel.swift in Sources */,
				89A60B192F2B39FA00168ED7 /* SettingView.swift in Sources */,
				897E47CA2F1A180C00873F31 /* HomeEmotionCell.swift in Sources */,
				89EAFE1B2F262963007BEC32 /* SettingViewController.swift in Sources */,
				89A73F5B2F34AEDF0009EE7A /* AuthService.swift in Sources */,
				89BDC4FD2F1DFDA400D14806 /* GptEmotionTransformer.swift in Sources */,
				893288F82F1B6D6900D216C9 /* EmotionRepositoryProtocol.swift in Sources */,
			);
			runOnlyForDeploymentPostprocessing = 0;
		};
/* End PBXSourcesBuildPhase section */

/* Begin PBXVariantGroup section */
		897E47A52F1A0E4300873F31 /* LaunchScreen.storyboard */ = {
			isa = PBXVariantGroup;
			children = (
				897E47A42F1A0E4300873F31 /* Base */,
			);
			name = LaunchScreen.storyboard;
			sourceTree = "<group>";
		};
		897E47A72F1A0E4300873F31 /* Main.storyboard */ = {
			isa = PBXVariantGroup;
			children = (
				897E47A62F1A0E4300873F31 /* Base */,
			);
			name = Main.storyboard;
			sourceTree = "<group>";
		};
/* End PBXVariantGroup section */

/* Begin XCBuildConfiguration section */
		897E479D2F19F93300873F31 /* Debug */ = {
			isa = XCBuildConfiguration;
			buildSettings = {
				ASSETCATALOG_COMPILER_APPICON_NAME = AppIcon;
				ASSETCATALOG_COMPILER_GLOBAL_ACCENT_COLOR_NAME = AccentColor;
				CODE_SIGN_ENTITLEMENTS = ReFeel/ReFeel.entitlements;
				CODE_SIGN_STYLE = Automatic;
				CURRENT_PROJECT_VERSION = 1;
				DEVELOPMENT_TEAM = K4Y3BP25BV;
				GENERATE_INFOPLIST_FILE = YES;
				INFOPLIST_FILE = ReFeel/Info.plist;
				INFOPLIST_KEY_UIApplicationSupportsIndirectInputEvents = YES;
				INFOPLIST_KEY_UILaunchStoryboardName = LaunchScreen;
				INFOPLIST_KEY_UIMainStoryboardFile = Main;
				INFOPLIST_KEY_UISupportedInterfaceOrientations_iPad = "UIInterfaceOrientationPortrait UIInterfaceOrientationPortraitUpsideDown UIInterfaceOrientationLandscapeLeft UIInterfaceOrientationLandscapeRight";
				INFOPLIST_KEY_UISupportedInterfaceOrientations_iPhone = "UIInterfaceOrientationPortrait UIInterfaceOrientationLandscapeLeft UIInterfaceOrientationLandscapeRight";
				IPHONEOS_DEPLOYMENT_TARGET = 17.6;
				LD_RUNPATH_SEARCH_PATHS = (
					"$(inherited)",
					"@executable_path/Frameworks",
				);
				MARKETING_VERSION = 1.0;
				PRODUCT_BUNDLE_IDENTIFIER = com.jang.ReFeel;
				PRODUCT_NAME = "$(TARGET_NAME)";
				SUPPORTED_PLATFORMS = "iphoneos iphonesimulator";
				SUPPORTS_MACCATALYST = NO;
				SUPPORTS_MAC_DESIGNED_FOR_IPHONE_IPAD = NO;
				SUPPORTS_XR_DESIGNED_FOR_IPHONE_IPAD = NO;
				SWIFT_EMIT_LOC_STRINGS = YES;
				SWIFT_VERSION = 5.0;
				TARGETED_DEVICE_FAMILY = 1;
			};
			name = Debug;
		};
		897E479E2F19F93300873F31 /* Release */ = {
			isa = XCBuildConfiguration;
			buildSettings = {
				ASSETCATALOG_COMPILER_APPICON_NAME = AppIcon;
				ASSETCATALOG_COMPILER_GLOBAL_ACCENT_COLOR_NAME = AccentColor;
				CODE_SIGN_ENTITLEMENTS = ReFeel/ReFeel.entitlements;
				CODE_SIGN_STYLE = Automatic;
				CURRENT_PROJECT_VERSION = 1;
				DEVELOPMENT_TEAM = K4Y3BP25BV;
				GENERATE_INFOPLIST_FILE = YES;
				INFOPLIST_FILE = ReFeel/Info.plist;
				INFOPLIST_KEY_UIApplicationSupportsIndirectInputEvents = YES;
				INFOPLIST_KEY_UILaunchStoryboardName = LaunchScreen;
				INFOPLIST_KEY_UIMainStoryboardFile = Main;
				INFOPLIST_KEY_UISupportedInterfaceOrientations_iPad = "UIInterfaceOrientationPortrait UIInterfaceOrientationPortraitUpsideDown UIInterfaceOrientationLandscapeLeft UIInterfaceOrientationLandscapeRight";
				INFOPLIST_KEY_UISupportedInterfaceOrientations_iPhone = "UIInterfaceOrientationPortrait UIInterfaceOrientationLandscapeLeft UIInterfaceOrientationLandscapeRight";
				IPHONEOS_DEPLOYMENT_TARGET = 17.6;
				LD_RUNPATH_SEARCH_PATHS = (
					"$(inherited)",
					"@executable_path/Frameworks",
				);
				MARKETING_VERSION = 1.0;
				PRODUCT_BUNDLE_IDENTIFIER = com.jang.ReFeel;
				PRODUCT_NAME = "$(TARGET_NAME)";
				SUPPORTED_PLATFORMS = "iphoneos iphonesimulator";
				SUPPORTS_MACCATALYST = NO;
				SUPPORTS_MAC_DESIGNED_FOR_IPHONE_IPAD = NO;
				SUPPORTS_XR_DESIGNED_FOR_IPHONE_IPAD = NO;
				SWIFT_EMIT_LOC_STRINGS = YES;
				SWIFT_VERSION = 5.0;
				TARGETED_DEVICE_FAMILY = 1;
			};
			name = Release;
		};
		897E479F2F19F93300873F31 /* Debug */ = {
			isa = XCBuildConfiguration;
			buildSettings = {
				ALWAYS_SEARCH_USER_PATHS = NO;
				ASSETCATALOG_COMPILER_GENERATE_SWIFT_ASSET_SYMBOL_EXTENSIONS = YES;
				CLANG_ANALYZER_NONNULL = YES;
				CLANG_ANALYZER_NUMBER_OBJECT_CONVERSION = YES_AGGRESSIVE;
				CLANG_CXX_LANGUAGE_STANDARD = "gnu++20";
				CLANG_ENABLE_MODULES = YES;
				CLANG_ENABLE_OBJC_ARC = YES;
				CLANG_ENABLE_OBJC_WEAK = YES;
				CLANG_WARN_BLOCK_CAPTURE_AUTORELEASING = YES;
				CLANG_WARN_BOOL_CONVERSION = YES;
				CLANG_WARN_COMMA = YES;
				CLANG_WARN_CONSTANT_CONVERSION = YES;
				CLANG_WARN_DEPRECATED_OBJC_IMPLEMENTATIONS = YES;
				CLANG_WARN_DIRECT_OBJC_ISA_USAGE = YES_ERROR;
				CLANG_WARN_DOCUMENTATION_COMMENTS = YES;
				CLANG_WARN_EMPTY_BODY = YES;
				CLANG_WARN_ENUM_CONVERSION = YES;
				CLANG_WARN_INFINITE_RECURSION = YES;
				CLANG_WARN_INT_CONVERSION = YES;
				CLANG_WARN_NON_LITERAL_NULL_CONVERSION = YES;
				CLANG_WARN_OBJC_IMPLICIT_RETAIN_SELF = YES;
				CLANG_WARN_OBJC_LITERAL_CONVERSION = YES;
				CLANG_WARN_OBJC_ROOT_CLASS = YES_ERROR;
				CLANG_WARN_QUOTED_INCLUDE_IN_FRAMEWORK_HEADER = YES;
				CLANG_WARN_RANGE_LOOP_ANALYSIS = YES;
				CLANG_WARN_STRICT_PROTOTYPES = YES;
				CLANG_WARN_SUSPICIOUS_MOVE = YES;
				CLANG_WARN_UNGUARDED_AVAILABILITY = YES_AGGRESSIVE;
				CLANG_WARN_UNREACHABLE_CODE = YES;
				CLANG_WARN__DUPLICATE_METHOD_MATCH = YES;
				COPY_PHASE_STRIP = NO;
				DEBUG_INFORMATION_FORMAT = dwarf;
				DEVELOPMENT_TEAM = K4Y3BP25BV;
				ENABLE_STRICT_OBJC_MSGSEND = YES;
				ENABLE_TESTABILITY = YES;
				ENABLE_USER_SCRIPT_SANDBOXING = YES;
				GCC_C_LANGUAGE_STANDARD = gnu17;
				GCC_DYNAMIC_NO_PIC = NO;
				GCC_NO_COMMON_BLOCKS = YES;
				GCC_OPTIMIZATION_LEVEL = 0;
				GCC_PREPROCESSOR_DEFINITIONS = (
					"DEBUG=1",
					"$(inherited)",
				);
				GCC_WARN_64_TO_32_BIT_CONVERSION = YES;
				GCC_WARN_ABOUT_RETURN_TYPE = YES_ERROR;
				GCC_WARN_UNDECLARED_SELECTOR = YES;
				GCC_WARN_UNINITIALIZED_AUTOS = YES_AGGRESSIVE;
				GCC_WARN_UNUSED_FUNCTION = YES;
				GCC_WARN_UNUSED_VARIABLE = YES;
				IPHONEOS_DEPLOYMENT_TARGET = 18.5;
				LOCALIZATION_PREFERS_STRING_CATALOGS = YES;
				MTL_ENABLE_DEBUG_INFO = INCLUDE_SOURCE;
				MTL_FAST_MATH = YES;
				ONLY_ACTIVE_ARCH = YES;
				SDKROOT = iphoneos;
				STRING_CATALOG_GENERATE_SYMBOLS = YES;
				SWIFT_ACTIVE_COMPILATION_CONDITIONS = "DEBUG $(inherited)";
				SWIFT_OPTIMIZATION_LEVEL = "-Onone";
			};
			name = Debug;
		};
		897E47A02F19F93300873F31 /* Release */ = {
			isa = XCBuildConfiguration;
			buildSettings = {
				ALWAYS_SEARCH_USER_PATHS = NO;
				ASSETCATALOG_COMPILER_GENERATE_SWIFT_ASSET_SYMBOL_EXTENSIONS = YES;
				CLANG_ANALYZER_NONNULL = YES;
				CLANG_ANALYZER_NUMBER_OBJECT_CONVERSION = YES_AGGRESSIVE;
				CLANG_CXX_LANGUAGE_STANDARD = "gnu++20";
				CLANG_ENABLE_MODULES = YES;
				CLANG_ENABLE_OBJC_ARC = YES;
				CLANG_ENABLE_OBJC_WEAK = YES;
				CLANG_WARN_BLOCK_CAPTURE_AUTORELEASING = YES;
				CLANG_WARN_BOOL_CONVERSION = YES;
				CLANG_WARN_COMMA = YES;
				CLANG_WARN_CONSTANT_CONVERSION = YES;
				CLANG_WARN_DEPRECATED_OBJC_IMPLEMENTATIONS = YES;
				CLANG_WARN_DIRECT_OBJC_ISA_USAGE = YES_ERROR;
				CLANG_WARN_DOCUMENTATION_COMMENTS = YES;
				CLANG_WARN_EMPTY_BODY = YES;
				CLANG_WARN_ENUM_CONVERSION = YES;
				CLANG_WARN_INFINITE_RECURSION = YES;
				CLANG_WARN_INT_CONVERSION = YES;
				CLANG_WARN_NON_LITERAL_NULL_CONVERSION = YES;
				CLANG_WARN_OBJC_IMPLICIT_RETAIN_SELF = YES;
				CLANG_WARN_OBJC_LITERAL_CONVERSION = YES;
				CLANG_WARN_OBJC_ROOT_CLASS = YES_ERROR;
				CLANG_WARN_QUOTED_INCLUDE_IN_FRAMEWORK_HEADER = YES;
				CLANG_WARN_RANGE_LOOP_ANALYSIS = YES;
				CLANG_WARN_STRICT_PROTOTYPES = YES;
				CLANG_WARN_SUSPICIOUS_MOVE = YES;
				CLANG_WARN_UNGUARDED_AVAILABILITY = YES_AGGRESSIVE;
				CLANG_WARN_UNREACHABLE_CODE = YES;
				CLANG_WARN__DUPLICATE_METHOD_MATCH = YES;
				COPY_PHASE_STRIP = NO;
				DEBUG_INFORMATION_FORMAT = "dwarf-with-dsym";
				DEVELOPMENT_TEAM = K4Y3BP25BV;
				ENABLE_NS_ASSERTIONS = NO;
				ENABLE_STRICT_OBJC_MSGSEND = YES;
				ENABLE_USER_SCRIPT_SANDBOXING = YES;
				GCC_C_LANGUAGE_STANDARD = gnu17;
				GCC_NO_COMMON_BLOCKS = YES;
				GCC_WARN_64_TO_32_BIT_CONVERSION = YES;
				GCC_WARN_ABOUT_RETURN_TYPE = YES_ERROR;
				GCC_WARN_UNDECLARED_SELECTOR = YES;
				GCC_WARN_UNINITIALIZED_AUTOS = YES_AGGRESSIVE;
				GCC_WARN_UNUSED_FUNCTION = YES;
				GCC_WARN_UNUSED_VARIABLE = YES;
				IPHONEOS_DEPLOYMENT_TARGET = 18.5;
				LOCALIZATION_PREFERS_STRING_CATALOGS = YES;
				MTL_ENABLE_DEBUG_INFO = NO;
				MTL_FAST_MATH = YES;
				SDKROOT = iphoneos;
				STRING_CATALOG_GENERATE_SYMBOLS = YES;
				SWIFT_COMPILATION_MODE = wholemodule;
				VALIDATE_PRODUCT = YES;
			};
			name = Release;
		};
/* End XCBuildConfiguration section */

/* Begin XCConfigurationList section */
		897E47842F19F93100873F31 /* Build configuration list for PBXProject "ReFeel" */ = {
			isa = XCConfigurationList;
			buildConfigurations = (
				897E479F2F19F93300873F31 /* Debug */,
				897E47A02F19F93300873F31 /* Release */,
			);
			defaultConfigurationIsVisible = 0;
			defaultConfigurationName = Release;
		};
		897E479C2F19F93300873F31 /* Build configuration list for PBXNativeTarget "ReFeel" */ = {
			isa = XCConfigurationList;
			buildConfigurations = (
				897E479D2F19F93300873F31 /* Debug */,
				897E479E2F19F93300873F31 /* Release */,
			);
			defaultConfigurationIsVisible = 0;
			defaultConfigurationName = Release;
		};
/* End XCConfigurationList section */

/* Begin XCRemoteSwiftPackageReference section */
		89BDC4FE2F1DFDCD00D14806 /* XCRemoteSwiftPackageReference "Alamofire" */ = {
			isa = XCRemoteSwiftPackageReference;
			repositoryURL = "https://github.com/Alamofire/Alamofire.git";
			requirement = {
				kind = upToNextMajorVersion;
				minimumVersion = 5.11.0;
			};
		};
		89EAFDBF2F20DB8A007BEC32 /* XCRemoteSwiftPackageReference "firebase-ios-sdk" */ = {
			isa = XCRemoteSwiftPackageReference;
			repositoryURL = "https://github.com/firebase/firebase-ios-sdk";
			requirement = {
				kind = upToNextMajorVersion;
				minimumVersion = 12.8.0;
			};
		};
		89EAFDC62F20DBB5007BEC32 /* XCRemoteSwiftPackageReference "GoogleSignIn-iOS" */ = {
			isa = XCRemoteSwiftPackageReference;
			repositoryURL = "https://github.com/google/GoogleSignIn-iOS";
			requirement = {
				kind = upToNextMajorVersion;
				minimumVersion = 9.1.0;
			};
		};
/* End XCRemoteSwiftPackageReference section */

/* Begin XCSwiftPackageProductDependency section */
		89BDC4FF2F1DFDCD00D14806 /* Alamofire */ = {
			isa = XCSwiftPackageProductDependency;
			package = 89BDC4FE2F1DFDCD00D14806 /* XCRemoteSwiftPackageReference "Alamofire" */;
			productName = Alamofire;
		};
		89EAFDC02F20DB8A007BEC32 /* FirebaseAnalytics */ = {
			isa = XCSwiftPackageProductDependency;
			package = 89EAFDBF2F20DB8A007BEC32 /* XCRemoteSwiftPackageReference "firebase-ios-sdk" */;
			productName = FirebaseAnalytics;
		};
		89EAFDC22F20DB8A007BEC32 /* FirebaseAuth */ = {
			isa = XCSwiftPackageProductDependency;
			package = 89EAFDBF2F20DB8A007BEC32 /* XCRemoteSwiftPackageReference "firebase-ios-sdk" */;
			productName = FirebaseAuth;
		};
		89EAFDC42F20DB8A007BEC32 /* FirebaseFirestore */ = {
			isa = XCSwiftPackageProductDependency;
			package = 89EAFDBF2F20DB8A007BEC32 /* XCRemoteSwiftPackageReference "firebase-ios-sdk" */;
			productName = FirebaseFirestore;
		};
		89EAFDC72F20DBB5007BEC32 /* GoogleSignIn */ = {
			isa = XCSwiftPackageProductDependency;
			package = 89EAFDC62F20DBB5007BEC32 /* XCRemoteSwiftPackageReference "GoogleSignIn-iOS" */;
			productName = GoogleSignIn;
		};
		89EAFDC92F20DBB5007BEC32 /* GoogleSignInSwift */ = {
			isa = XCSwiftPackageProductDependency;
			package = 89EAFDC62F20DBB5007BEC32 /* XCRemoteSwiftPackageReference "GoogleSignIn-iOS" */;
			productName = GoogleSignInSwift;
		};
/* End XCSwiftPackageProductDependency section */
	};
	rootObject = 897E47812F19F93100873F31 /* Project object */;
}
